
Microsoft Visual Studio Solution File, Format Version 12.00
# Visual Studio 15
VisualStudioVersion = 15.0.27428.1
MinimumVisualStudioVersion = 10.0.40219.1
Project("{FAE04EC0-301F-11D3-BF4B-00C04F79EFBC}") = "Breakout.Droid", "Breakout.Droid\Breakout.Droid.csproj", "{FB86E5BE-8E65-42CA-93FC-7E21306B8061}"
EndProject
Project("{9A19103F-16F7-4668-BE54-9A1E7A4F7556}") = "Breakout.Core", "Breakout.Core\Breakout.Core.csproj", "{6B3A096F-1B9E-406B-8CE7-32665AB40366}"
EndProject
Project("{FAE04EC0-301F-11D3-BF4B-00C04F79EFBC}") = "Breakout.Content", "Breakout.Content\Breakout.Content.csproj", "{1E7ADFBE-4D05-4FA3-BDA7-67133A12FB7E}"
EndProject
Global
	GlobalSection(SolutionConfigurationPlatforms) = preSolution
		Ad-Hoc|Any CPU = Ad-Hoc|Any CPU
		Ad-Hoc|ARM = Ad-Hoc|ARM
		Ad-Hoc|iPhone = Ad-Hoc|iPhone
		Ad-Hoc|iPhoneSimulator = Ad-Hoc|iPhoneSimulator
		Ad-Hoc|x64 = Ad-Hoc|x64
		Ad-Hoc|x86 = Ad-Hoc|x86
		AppStore|Any CPU = AppStore|Any CPU
		AppStore|ARM = AppStore|ARM
		AppStore|iPhone = AppStore|iPhone
		AppStore|iPhoneSimulator = AppStore|iPhoneSimulator
		AppStore|x64 = AppStore|x64
		AppStore|x86 = AppStore|x86
		Debug|Any CPU = Debug|Any CPU
		Debug|ARM = Debug|ARM
		Debug|iPhone = Debug|iPhone
		Debug|iPhoneSimulator = Debug|iPhoneSimulator
		Debug|x64 = Debug|x64
		Debug|x86 = Debug|x86
		Release|Any CPU = Release|Any CPU
		Release|ARM = Release|ARM
		Release|iPhone = Release|iPhone
		Release|iPhoneSimulator = Release|iPhoneSimulator
		Release|x64 = Release|x64
		Release|x86 = Release|x86
	EndGlobalSection
	GlobalSection(ProjectConfigurationPlatforms) = postSolution
		{FB86E5BE-8E65-42CA-93FC-7E21306B8061}.Ad-Hoc|Any CPU.ActiveCfg = Release|Any CPU
		{FB86E5BE-8E65-42CA-93FC-7E21306B8061}.Ad-Hoc|Any CPU.Build.0 = Release|Any CPU
		{FB86E5BE-8E65-42CA-93FC-7E21306B8061}.Ad-Hoc|Any CPU.Deploy.0 = Release|Any CPU
		{FB86E5BE-8E65-42CA-93FC-7E21306B8061}.Ad-Hoc|ARM.ActiveCfg = Release|Any CPU
		{FB86E5BE-8E65-42CA-93FC-7E21306B8061}.Ad-Hoc|ARM.Build.0 = Release|Any CPU
		{FB86E5BE-8E65-42CA-93FC-7E21306B8061}.Ad-Hoc|ARM.Deploy.0 = Release|Any CPU
		{FB86E5BE-8E65-42CA-93FC-7E21306B8061}.Ad-Hoc|iPhone.ActiveCfg = Release|Any CPU
		{FB86E5BE-8E65-42CA-93FC-7E21306B8061}.Ad-Hoc|iPhone.Build.0 = Release|Any CPU
		{FB86E5BE-8E65-42CA-93FC-7E21306B8061}.Ad-Hoc|iPhone.Deploy.0 = Release|Any CPU
		{FB86E5BE-8E65-42CA-93FC-7E21306B8061}.Ad-Hoc|iPhoneSimulator.ActiveCfg = Release|Any CPU
		{FB86E5BE-8E65-42CA-93FC-7E21306B8061}.Ad-Hoc|iPhoneSimulator.Build.0 = Release|Any CPU
		{FB86E5BE-8E65-42CA-93FC-7E21306B8061}.Ad-Hoc|iPhoneSimulator.Deploy.0 = Release|Any CPU
		{FB86E5BE-8E65-42CA-93FC-7E21306B8061}.Ad-Hoc|x64.ActiveCfg = Release|Any CPU
		{FB86E5BE-8E65-42CA-93FC-7E21306B8061}.Ad-Hoc|x64.Build.0 = Release|Any CPU
		{FB86E5BE-8E65-42CA-93FC-7E21306B8061}.Ad-Hoc|x64.Deploy.0 = Release|Any CPU
		{FB86E5BE-8E65-42CA-93FC-7E21306B8061}.Ad-Hoc|x86.ActiveCfg = Release|Any CPU
		{FB86E5BE-8E65-42CA-93FC-7E21306B8061}.Ad-Hoc|x86.Build.0 = Release|Any CPU
		{FB86E5BE-8E65-42CA-93FC-7E21306B8061}.Ad-Hoc|x86.Deploy.0 = Release|Any CPU
		{FB86E5BE-8E65-42CA-93FC-7E21306B8061}.AppStore|Any CPU.ActiveCfg = Release|Any CPU
		{FB86E5BE-8E65-42CA-93FC-7E21306B8061}.AppStore|Any CPU.Build.0 = Release|Any CPU
		{FB86E5BE-8E65-42CA-93FC-7E21306B8061}.AppStore|Any CPU.Deploy.0 = Release|Any CPU
		{FB86E5BE-8E65-42CA-93FC-7E21306B8061}.AppStore|ARM.ActiveCfg = Release|Any CPU
		{FB86E5BE-8E65-42CA-93FC-7E21306B8061}.AppStore|ARM.Build.0 = Release|Any CPU
		{FB86E5BE-8E65-42CA-93FC-7E21306B8061}.AppStore|ARM.Deploy.0 = Release|Any CPU
		{FB86E5BE-8E65-42CA-93FC-7E21306B8061}.AppStore|iPhone.ActiveCfg = Release|Any CPU
		{FB86E5BE-8E65-42CA-93FC-7E21306B8061}.AppStore|iPhone.Build.0 = Release|Any CPU
		{FB86E5BE-8E65-42CA-93FC-7E21306B8061}.AppStore|iPhone.Deploy.0 = Release|Any CPU
		{FB86E5BE-8E65-42CA-93FC-7E21306B8061}.AppStore|iPhoneSimulator.ActiveCfg = Release|Any CPU
		{FB86E5BE-8E65-42CA-93FC-7E21306B8061}.AppStore|iPhoneSimulator.Build.0 = Release|Any CPU
		{FB86E5BE-8E65-42CA-93FC-7E21306B8061}.AppStore|iPhoneSimulator.Deploy.0 = Release|Any CPU
		{FB86E5BE-8E65-42CA-93FC-7E21306B8061}.AppStore|x64.ActiveCfg = Release|Any CPU
		{FB86E5BE-8E65-42CA-93FC-7E21306B8061}.AppStore|x64.Build.0 = Release|Any CPU
		{FB86E5BE-8E65-42CA-93FC-7E21306B8061}.AppStore|x64.Deploy.0 = Release|Any CPU
		{FB86E5BE-8E65-42CA-93FC-7E21306B8061}.AppStore|x86.ActiveCfg = Release|Any CPU
		{FB86E5BE-8E65-42CA-93FC-7E21306B8061}.AppStore|x86.Build.0 = Release|Any CPU
		{FB86E5BE-8E65-42CA-93FC-7E21306B8061}.AppStore|x86.Deploy.0 = Release|Any CPU
		{FB86E5BE-8E65-42CA-93FC-7E21306B8061}.Debug|Any CPU.ActiveCfg = Debug|Any CPU
		{FB86E5BE-8E65-42CA-93FC-7E21306B8061}.Debug|Any CPU.Build.0 = Debug|Any CPU
		{FB86E5BE-8E65-42CA-93FC-7E21306B8061}.Debug|Any CPU.Deploy.0 = Debug|Any CPU
		{FB86E5BE-8E65-42CA-93FC-7E21306B8061}.Debug|ARM.ActiveCfg = Debug|Any CPU
		{FB86E5BE-8E65-42CA-93FC-7E21306B8061}.Debug|ARM.Build.0 = Debug|Any CPU
		{FB86E5BE-8E65-42CA-93FC-7E21306B8061}.Debug|ARM.Deploy.0 = Debug|Any CPU
		{FB86E5BE-8E65-42CA-93FC-7E21306B8061}.Debug|iPhone.ActiveCfg = Debug|Any CPU
		{FB86E5BE-8E65-42CA-93FC-7E21306B8061}.Debug|iPhone.Build.0 = Debug|Any CPU
		{FB86E5BE-8E65-42CA-93FC-7E21306B8061}.Debug|iPhone.Deploy.0 = Debug|Any CPU
		{FB86E5BE-8E65-42CA-93FC-7E21306B8061}.Debug|iPhoneSimulator.ActiveCfg = Debug|Any CPU
		{FB86E5BE-8E65-42CA-93FC-7E21306B8061}.Debug|iPhoneSimulator.Build.0 = Debug|Any CPU
		{FB86E5BE-8E65-42CA-93FC-7E21306B8061}.Debug|iPhoneSimulator.Deploy.0 = Debug|Any CPU
		{FB86E5BE-8E65-42CA-93FC-7E21306B8061}.Debug|x64.ActiveCfg = Debug|Any CPU
		{FB86E5BE-8E65-42CA-93FC-7E21306B8061}.Debug|x64.Build.0 = Debug|Any CPU
		{FB86E5BE-8E65-42CA-93FC-7E21306B8061}.Debug|x64.Deploy.0 = Debug|Any CPU
		{FB86E5BE-8E65-42CA-93FC-7E21306B8061}.Debug|x86.ActiveCfg = Debug|Any CPU
		{FB86E5BE-8E65-42CA-93FC-7E21306B8061}.Debug|x86.Build.0 = Debug|Any CPU
		{FB86E5BE-8E65-42CA-93FC-7E21306B8061}.Debug|x86.Deploy.0 = Debug|Any CPU
		{FB86E5BE-8E65-42CA-93FC-7E21306B8061}.Release|Any CPU.ActiveCfg = Release|Any CPU
		{FB86E5BE-8E65-42CA-93FC-7E21306B8061}.Release|Any CPU.Build.0 = Release|Any CPU
		{FB86E5BE-8E65-42CA-93FC-7E21306B8061}.Release|Any CPU.Deploy.0 = Release|Any CPU
		{FB86E5BE-8E65-42CA-93FC-7E21306B8061}.Release|ARM.ActiveCfg = Release|Any CPU
		{FB86E5BE-8E65-42CA-93FC-7E21306B8061}.Release|ARM.Build.0 = Release|Any CPU
		{FB86E5BE-8E65-42CA-93FC-7E21306B8061}.Release|ARM.Deploy.0 = Release|Any CPU
		{FB86E5BE-8E65-42CA-93FC-7E21306B8061}.Release|iPhone.ActiveCfg = Release|Any CPU
		{FB86E5BE-8E65-42CA-93FC-7E21306B8061}.Release|iPhone.Build.0 = Release|Any CPU
		{FB86E5BE-8E65-42CA-93FC-7E21306B8061}.Release|iPhone.Deploy.0 = Release|Any CPU
		{FB86E5BE-8E65-42CA-93FC-7E21306B8061}.Release|iPhoneSimulator.ActiveCfg = Release|Any CPU
		{FB86E5BE-8E65-42CA-93FC-7E21306B8061}.Release|iPhoneSimulator.Build.0 = Release|Any CPU
		{FB86E5BE-8E65-42CA-93FC-7E21306B8061}.Release|iPhoneSimulator.Deploy.0 = Release|Any CPU
		{FB86E5BE-8E65-42CA-93FC-7E21306B8061}.Release|x64.ActiveCfg = Release|Any CPU
		{FB86E5BE-8E65-42CA-93FC-7E21306B8061}.Release|x64.Build.0 = Release|Any CPU
		{FB86E5BE-8E65-42CA-93FC-7E21306B8061}.Release|x64.Deploy.0 = Release|Any CPU
		{FB86E5BE-8E65-42CA-93FC-7E21306B8061}.Release|x86.ActiveCfg = Release|Any CPU
		{FB86E5BE-8E65-42CA-93FC-7E21306B8061}.Release|x86.Build.0 = Release|Any CPU
		{FB86E5BE-8E65-42CA-93FC-7E21306B8061}.Release|x86.Deploy.0 = Release|Any CPU
		{395ACD40-AE76-46CA-8F6F-330F02407851}.Ad-Hoc|Any CPU.ActiveCfg = Ad-Hoc|iPhone
		{395ACD40-AE76-46CA-8F6F-330F02407851}.Ad-Hoc|ARM.ActiveCfg = Ad-Hoc|iPhone
		{395ACD40-AE76-46CA-8F6F-330F02407851}.Ad-Hoc|iPhone.ActiveCfg = Ad-Hoc|iPhone
		{395ACD40-AE76-46CA-8F6F-330F02407851}.Ad-Hoc|iPhone.Build.0 = Ad-Hoc|iPhone
		{395ACD40-AE76-46CA-8F6F-330F02407851}.Ad-Hoc|iPhoneSimulator.ActiveCfg = Ad-Hoc|iPhoneSimulator
		{395ACD40-AE76-46CA-8F6F-330F02407851}.Ad-Hoc|iPhoneSimulator.Build.0 = Ad-Hoc|iPhoneSimulator
		{395ACD40-AE76-46CA-8F6F-330F02407851}.Ad-Hoc|x64.ActiveCfg = Ad-Hoc|iPhone
		{395ACD40-AE76-46CA-8F6F-330F02407851}.Ad-Hoc|x86.ActiveCfg = Ad-Hoc|iPhone
		{395ACD40-AE76-46CA-8F6F-330F02407851}.AppStore|Any CPU.ActiveCfg = AppStore|iPhone
		{395ACD40-AE76-46CA-8F6F-330F02407851}.AppStore|ARM.ActiveCfg = AppStore|iPhone
		{395ACD40-AE76-46CA-8F6F-330F02407851}.AppStore|iPhone.ActiveCfg = AppStore|iPhone
		{395ACD40-AE76-46CA-8F6F-330F02407851}.AppStore|iPhone.Build.0 = AppStore|iPhone
		{395ACD40-AE76-46CA-8F6F-330F02407851}.AppStore|iPhoneSimulator.ActiveCfg = AppStore|iPhoneSimulator
		{395ACD40-AE76-46CA-8F6F-330F02407851}.AppStore|iPhoneSimulator.Build.0 = AppStore|iPhoneSimulator
		{395ACD40-AE76-46CA-8F6F-330F02407851}.AppStore|x64.ActiveCfg = AppStore|iPhone
		{395ACD40-AE76-46CA-8F6F-330F02407851}.AppStore|x86.ActiveCfg = AppStore|iPhone
		{395ACD40-AE76-46CA-8F6F-330F02407851}.Debug|Any CPU.ActiveCfg = Debug|iPhone
		{395ACD40-AE76-46CA-8F6F-330F02407851}.Debug|ARM.ActiveCfg = Debug|iPhone
		{395ACD40-AE76-46CA-8F6F-330F02407851}.Debug|iPhone.ActiveCfg = Debug|iPhone
		{395ACD40-AE76-46CA-8F6F-330F02407851}.Debug|iPhone.Build.0 = Debug|iPhone
		{395ACD40-AE76-46CA-8F6F-330F02407851}.Debug|iPhoneSimulator.ActiveCfg = Debug|iPhoneSimulator
		{395ACD40-AE76-46CA-8F6F-330F02407851}.Debug|iPhoneSimulator.Build.0 = Debug|iPhoneSimulator
		{395ACD40-AE76-46CA-8F6F-330F02407851}.Debug|x64.ActiveCfg = Debug|iPhone
		{395ACD40-AE76-46CA-8F6F-330F02407851}.Debug|x86.ActiveCfg = Debug|iPhone
		{395ACD40-AE76-46CA-8F6F-330F02407851}.Release|Any CPU.ActiveCfg = Release|iPhone
		{395ACD40-AE76-46CA-8F6F-330F02407851}.Release|ARM.ActiveCfg = Release|iPhone
		{395ACD40-AE76-46CA-8F6F-330F02407851}.Release|iPhone.ActiveCfg = Release|iPhone
		{395ACD40-AE76-46CA-8F6F-330F02407851}.Release|iPhone.Build.0 = Release|iPhone
		{395ACD40-AE76-46CA-8F6F-330F02407851}.Release|iPhoneSimulator.ActiveCfg = Release|iPhoneSimulator
		{395ACD40-AE76-46CA-8F6F-330F02407851}.Release|iPhoneSimulator.Build.0 = Release|iPhoneSimulator
		{395ACD40-AE76-46CA-8F6F-330F02407851}.Release|x64.ActiveCfg = Release|iPhone
		{395ACD40-AE76-46CA-8F6F-330F02407851}.Release|x86.ActiveCfg = Release|iPhone
		{65E14003-9328-4E4A-8831-E3A56342FC46}.Ad-Hoc|Any CPU.ActiveCfg = Release|x86
		{65E14003-9328-4E4A-8831-E3A56342FC46}.Ad-Hoc|Any CPU.Build.0 = Release|x86
		{65E14003-9328-4E4A-8831-E3A56342FC46}.Ad-Hoc|Any CPU.Deploy.0 = Release|x86
		{65E14003-9328-4E4A-8831-E3A56342FC46}.Ad-Hoc|ARM.ActiveCfg = Release|ARM
		{65E14003-9328-4E4A-8831-E3A56342FC46}.Ad-Hoc|ARM.Build.0 = Release|ARM
		{65E14003-9328-4E4A-8831-E3A56342FC46}.Ad-Hoc|ARM.Deploy.0 = Release|ARM
		{65E14003-9328-4E4A-8831-E3A56342FC46}.Ad-Hoc|iPhone.ActiveCfg = Release|x86
		{65E14003-9328-4E4A-8831-E3A56342FC46}.Ad-Hoc|iPhone.Build.0 = Release|x86
		{65E14003-9328-4E4A-8831-E3A56342FC46}.Ad-Hoc|iPhone.Deploy.0 = Release|x86
		{65E14003-9328-4E4A-8831-E3A56342FC46}.Ad-Hoc|iPhoneSimulator.ActiveCfg = Release|x86
		{65E14003-9328-4E4A-8831-E3A56342FC46}.Ad-Hoc|iPhoneSimulator.Build.0 = Release|x86
		{65E14003-9328-4E4A-8831-E3A56342FC46}.Ad-Hoc|iPhoneSimulator.Deploy.0 = Release|x86
		{65E14003-9328-4E4A-8831-E3A56342FC46}.Ad-Hoc|x64.ActiveCfg = Release|x64
		{65E14003-9328-4E4A-8831-E3A56342FC46}.Ad-Hoc|x64.Build.0 = Release|x64
		{65E14003-9328-4E4A-8831-E3A56342FC46}.Ad-Hoc|x64.Deploy.0 = Release|x64
		{65E14003-9328-4E4A-8831-E3A56342FC46}.Ad-Hoc|x86.ActiveCfg = Release|x86
		{65E14003-9328-4E4A-8831-E3A56342FC46}.Ad-Hoc|x86.Build.0 = Release|x86
		{65E14003-9328-4E4A-8831-E3A56342FC46}.Ad-Hoc|x86.Deploy.0 = Release|x86
		{65E14003-9328-4E4A-8831-E3A56342FC46}.AppStore|Any CPU.ActiveCfg = Release|x86
		{65E14003-9328-4E4A-8831-E3A56342FC46}.AppStore|Any CPU.Build.0 = Release|x86
		{65E14003-9328-4E4A-8831-E3A56342FC46}.AppStore|Any CPU.Deploy.0 = Release|x86
		{65E14003-9328-4E4A-8831-E3A56342FC46}.AppStore|ARM.ActiveCfg = Release|ARM
		{65E14003-9328-4E4A-8831-E3A56342FC46}.AppStore|ARM.Build.0 = Release|ARM
		{65E14003-9328-4E4A-8831-E3A56342FC46}.AppStore|ARM.Deploy.0 = Release|ARM
		{65E14003-9328-4E4A-8831-E3A56342FC46}.AppStore|iPhone.ActiveCfg = Release|x86
		{65E14003-9328-4E4A-8831-E3A56342FC46}.AppStore|iPhone.Build.0 = Release|x86
		{65E14003-9328-4E4A-8831-E3A56342FC46}.AppStore|iPhone.Deploy.0 = Release|x86
		{65E14003-9328-4E4A-8831-E3A56342FC46}.AppStore|iPhoneSimulator.ActiveCfg = Release|x86
		{65E14003-9328-4E4A-8831-E3A56342FC46}.AppStore|iPhoneSimulator.Build.0 = Release|x86
		{65E14003-9328-4E4A-8831-E3A56342FC46}.AppStore|iPhoneSimulator.Deploy.0 = Release|x86
		{65E14003-9328-4E4A-8831-E3A56342FC46}.AppStore|x64.ActiveCfg = Release|x64
		{65E14003-9328-4E4A-8831-E3A56342FC46}.AppStore|x64.Build.0 = Release|x64
		{65E14003-9328-4E4A-8831-E3A56342FC46}.AppStore|x64.Deploy.0 = Release|x64
		{65E14003-9328-4E4A-8831-E3A56342FC46}.AppStore|x86.ActiveCfg = Release|x86
		{65E14003-9328-4E4A-8831-E3A56342FC46}.AppStore|x86.Build.0 = Release|x86
		{65E14003-9328-4E4A-8831-E3A56342FC46}.AppStore|x86.Deploy.0 = Release|x86
		{65E14003-9328-4E4A-8831-E3A56342FC46}.Debug|Any CPU.ActiveCfg = Debug|x86
		{65E14003-9328-4E4A-8831-E3A56342FC46}.Debug|ARM.ActiveCfg = Debug|ARM
		{65E14003-9328-4E4A-8831-E3A56342FC46}.Debug|ARM.Build.0 = Debug|ARM
		{65E14003-9328-4E4A-8831-E3A56342FC46}.Debug|ARM.Deploy.0 = Debug|ARM
		{65E14003-9328-4E4A-8831-E3A56342FC46}.Debug|iPhone.ActiveCfg = Debug|x86
		{65E14003-9328-4E4A-8831-E3A56342FC46}.Debug|iPhoneSimulator.ActiveCfg = Debug|x86
		{65E14003-9328-4E4A-8831-E3A56342FC46}.Debug|x64.ActiveCfg = Debug|x64
		{65E14003-9328-4E4A-8831-E3A56342FC46}.Debug|x64.Build.0 = Debug|x64
		{65E14003-9328-4E4A-8831-E3A56342FC46}.Debug|x64.Deploy.0 = Debug|x64
		{65E14003-9328-4E4A-8831-E3A56342FC46}.Debug|x86.ActiveCfg = Debug|x86
		{65E14003-9328-4E4A-8831-E3A56342FC46}.Debug|x86.Build.0 = Debug|x86
		{65E14003-9328-4E4A-8831-E3A56342FC46}.Debug|x86.Deploy.0 = Debug|x86
		{65E14003-9328-4E4A-8831-E3A56342FC46}.Release|Any CPU.ActiveCfg = Release|x86
		{65E14003-9328-4E4A-8831-E3A56342FC46}.Release|ARM.ActiveCfg = Release|ARM
		{65E14003-9328-4E4A-8831-E3A56342FC46}.Release|ARM.Build.0 = Release|ARM
		{65E14003-9328-4E4A-8831-E3A56342FC46}.Release|ARM.Deploy.0 = Release|ARM
		{65E14003-9328-4E4A-8831-E3A56342FC46}.Release|iPhone.ActiveCfg = Release|x86
		{65E14003-9328-4E4A-8831-E3A56342FC46}.Release|iPhoneSimulator.ActiveCfg = Release|x86
		{65E14003-9328-4E4A-8831-E3A56342FC46}.Release|x64.ActiveCfg = Release|x64
		{65E14003-9328-4E4A-8831-E3A56342FC46}.Release|x64.Build.0 = Release|x64
		{65E14003-9328-4E4A-8831-E3A56342FC46}.Release|x64.Deploy.0 = Release|x64
		{65E14003-9328-4E4A-8831-E3A56342FC46}.Release|x86.ActiveCfg = Release|x86
		{65E14003-9328-4E4A-8831-E3A56342FC46}.Release|x86.Build.0 = Release|x86
		{65E14003-9328-4E4A-8831-E3A56342FC46}.Release|x86.Deploy.0 = Release|x86
		{6B3A096F-1B9E-406B-8CE7-32665AB40366}.Ad-Hoc|Any CPU.ActiveCfg = Debug|Any CPU
		{6B3A096F-1B9E-406B-8CE7-32665AB40366}.Ad-Hoc|Any CPU.Build.0 = Debug|Any CPU
		{6B3A096F-1B9E-406B-8CE7-32665AB40366}.Ad-Hoc|ARM.ActiveCfg = Debug|Any CPU
		{6B3A096F-1B9E-406B-8CE7-32665AB40366}.Ad-Hoc|ARM.Build.0 = Debug|Any CPU
		{6B3A096F-1B9E-406B-8CE7-32665AB40366}.Ad-Hoc|iPhone.ActiveCfg = Debug|Any CPU
		{6B3A096F-1B9E-406B-8CE7-32665AB40366}.Ad-Hoc|iPhone.Build.0 = Debug|Any CPU
		{6B3A096F-1B9E-406B-8CE7-32665AB40366}.Ad-Hoc|iPhoneSimulator.ActiveCfg = Debug|Any CPU
		{6B3A096F-1B9E-406B-8CE7-32665AB40366}.Ad-Hoc|iPhoneSimulator.Build.0 = Debug|Any CPU
		{6B3A096F-1B9E-406B-8CE7-32665AB40366}.Ad-Hoc|x64.ActiveCfg = Debug|Any CPU
		{6B3A096F-1B9E-406B-8CE7-32665AB40366}.Ad-Hoc|x64.Build.0 = Debug|Any CPU
		{6B3A096F-1B9E-406B-8CE7-32665AB40366}.Ad-Hoc|x86.ActiveCfg = Debug|Any CPU
		{6B3A096F-1B9E-406B-8CE7-32665AB40366}.Ad-Hoc|x86.Build.0 = Debug|Any CPU
		{6B3A096F-1B9E-406B-8CE7-32665AB40366}.AppStore|Any CPU.ActiveCfg = Debug|Any CPU
		{6B3A096F-1B9E-406B-8CE7-32665AB40366}.AppStore|Any CPU.Build.0 = Debug|Any CPU
		{6B3A096F-1B9E-406B-8CE7-32665AB40366}.AppStore|ARM.ActiveCfg = Debug|Any CPU
		{6B3A096F-1B9E-406B-8CE7-32665AB40366}.AppStore|ARM.Build.0 = Debug|Any CPU
		{6B3A096F-1B9E-406B-8CE7-32665AB40366}.AppStore|iPhone.ActiveCfg = Debug|Any CPU
		{6B3A096F-1B9E-406B-8CE7-32665AB40366}.AppStore|iPhone.Build.0 = Debug|Any CPU
		{6B3A096F-1B9E-406B-8CE7-32665AB40366}.AppStore|iPhoneSimulator.ActiveCfg = Debug|Any CPU
		{6B3A096F-1B9E-406B-8CE7-32665AB40366}.AppStore|iPhoneSimulator.Build.0 = Debug|Any CPU
		{6B3A096F-1B9E-406B-8CE7-32665AB40366}.AppStore|x64.ActiveCfg = Debug|Any CPU
		{6B3A096F-1B9E-406B-8CE7-32665AB40366}.AppStore|x64.Build.0 = Debug|Any CPU
		{6B3A096F-1B9E-406B-8CE7-32665AB40366}.AppStore|x86.ActiveCfg = Debug|Any CPU
		{6B3A096F-1B9E-406B-8CE7-32665AB40366}.AppStore|x86.Build.0 = Debug|Any CPU
		{6B3A096F-1B9E-406B-8CE7-32665AB40366}.Debug|Any CPU.ActiveCfg = Debug|Any CPU
		{6B3A096F-1B9E-406B-8CE7-32665AB40366}.Debug|Any CPU.Build.0 = Debug|Any CPU
		{6B3A096F-1B9E-406B-8CE7-32665AB40366}.Debug|ARM.ActiveCfg = Debug|Any CPU
		{6B3A096F-1B9E-406B-8CE7-32665AB40366}.Debug|ARM.Build.0 = Debug|Any CPU
		{6B3A096F-1B9E-406B-8CE7-32665AB40366}.Debug|iPhone.ActiveCfg = Debug|Any CPU
		{6B3A096F-1B9E-406B-8CE7-32665AB40366}.Debug|iPhone.Build.0 = Debug|Any CPU
		{6B3A096F-1B9E-406B-8CE7-32665AB40366}.Debug|iPhoneSimulator.ActiveCfg = Debug|Any CPU
		{6B3A096F-1B9E-406B-8CE7-32665AB40366}.Debug|iPhoneSimulator.Build.0 = Debug|Any CPU
		{6B3A096F-1B9E-406B-8CE7-32665AB40366}.Debug|x64.ActiveCfg = Debug|Any CPU
		{6B3A096F-1B9E-406B-8CE7-32665AB40366}.Debug|x64.Build.0 = Debug|Any CPU
		{6B3A096F-1B9E-406B-8CE7-32665AB40366}.Debug|x86.ActiveCfg = Debug|Any CPU
		{6B3A096F-1B9E-406B-8CE7-32665AB40366}.Debug|x86.Build.0 = Debug|Any CPU
		{6B3A096F-1B9E-406B-8CE7-32665AB40366}.Release|Any CPU.ActiveCfg = Release|Any CPU
		{6B3A096F-1B9E-406B-8CE7-32665AB40366}.Release|Any CPU.Build.0 = Release|Any CPU
		{6B3A096F-1B9E-406B-8CE7-32665AB40366}.Release|ARM.ActiveCfg = Release|Any CPU
		{6B3A096F-1B9E-406B-8CE7-32665AB40366}.Release|ARM.Build.0 = Release|Any CPU
		{6B3A096F-1B9E-406B-8CE7-32665AB40366}.Release|iPhone.ActiveCfg = Release|Any CPU
		{6B3A096F-1B9E-406B-8CE7-32665AB40366}.Release|iPhone.Build.0 = Release|Any CPU
		{6B3A096F-1B9E-406B-8CE7-32665AB40366}.Release|iPhoneSimulator.ActiveCfg = Release|Any CPU
		{6B3A096F-1B9E-406B-8CE7-32665AB40366}.Release|iPhoneSimulator.Build.0 = Release|Any CPU
		{6B3A096F-1B9E-406B-8CE7-32665AB40366}.Release|x64.ActiveCfg = Release|Any CPU
		{6B3A096F-1B9E-406B-8CE7-32665AB40366}.Release|x64.Build.0 = Release|Any CPU
		{6B3A096F-1B9E-406B-8CE7-32665AB40366}.Release|x86.ActiveCfg = Release|Any CPU
		{6B3A096F-1B9E-406B-8CE7-32665AB40366}.Release|x86.Build.0 = Release|Any CPU
		{35CB46BE-1C67-4880-978A-19B410D08A9C}.Ad-Hoc|Any CPU.ActiveCfg = Release|x86
		{35CB46BE-1C67-4880-978A-19B410D08A9C}.Ad-Hoc|Any CPU.Build.0 = Release|x86
		{35CB46BE-1C67-4880-978A-19B410D08A9C}.Ad-Hoc|Any CPU.Deploy.0 = Release|x86
		{35CB46BE-1C67-4880-978A-19B410D08A9C}.Ad-Hoc|ARM.ActiveCfg = Release|ARM
		{35CB46BE-1C67-4880-978A-19B410D08A9C}.Ad-Hoc|ARM.Build.0 = Release|ARM
		{35CB46BE-1C67-4880-978A-19B410D08A9C}.Ad-Hoc|ARM.Deploy.0 = Release|ARM
		{35CB46BE-1C67-4880-978A-19B410D08A9C}.Ad-Hoc|iPhone.ActiveCfg = Release|x86
		{35CB46BE-1C67-4880-978A-19B410D08A9C}.Ad-Hoc|iPhone.Build.0 = Release|x86
		{35CB46BE-1C67-4880-978A-19B410D08A9C}.Ad-Hoc|iPhone.Deploy.0 = Release|x86
		{35CB46BE-1C67-4880-978A-19B410D08A9C}.Ad-Hoc|iPhoneSimulator.ActiveCfg = Release|x86
		{35CB46BE-1C67-4880-978A-19B410D08A9C}.Ad-Hoc|iPhoneSimulator.Build.0 = Release|x86
		{35CB46BE-1C67-4880-978A-19B410D08A9C}.Ad-Hoc|iPhoneSimulator.Deploy.0 = Release|x86
		{35CB46BE-1C67-4880-978A-19B410D08A9C}.Ad-Hoc|x64.ActiveCfg = Release|x64
		{35CB46BE-1C67-4880-978A-19B410D08A9C}.Ad-Hoc|x64.Build.0 = Release|x64
		{35CB46BE-1C67-4880-978A-19B410D08A9C}.Ad-Hoc|x64.Deploy.0 = Release|x64
		{35CB46BE-1C67-4880-978A-19B410D08A9C}.Ad-Hoc|x86.ActiveCfg = Release|x86
		{35CB46BE-1C67-4880-978A-19B410D08A9C}.Ad-Hoc|x86.Build.0 = Release|x86
		{35CB46BE-1C67-4880-978A-19B410D08A9C}.Ad-Hoc|x86.Deploy.0 = Release|x86
		{35CB46BE-1C67-4880-978A-19B410D08A9C}.AppStore|Any CPU.ActiveCfg = Release|x86
		{35CB46BE-1C67-4880-978A-19B410D08A9C}.AppStore|Any CPU.Build.0 = Release|x86
		{35CB46BE-1C67-4880-978A-19B410D08A9C}.AppStore|Any CPU.Deploy.0 = Release|x86
		{35CB46BE-1C67-4880-978A-19B410D08A9C}.AppStore|ARM.ActiveCfg = Release|ARM
		{35CB46BE-1C67-4880-978A-19B410D08A9C}.AppStore|ARM.Build.0 = Release|ARM
		{35CB46BE-1C67-4880-978A-19B410D08A9C}.AppStore|ARM.Deploy.0 = Release|ARM
		{35CB46BE-1C67-4880-978A-19B410D08A9C}.AppStore|iPhone.ActiveCfg = Release|x86
		{35CB46BE-1C67-4880-978A-19B410D08A9C}.AppStore|iPhone.Build.0 = Release|x86
		{35CB46BE-1C67-4880-978A-19B410D08A9C}.AppStore|iPhone.Deploy.0 = Release|x86
		{35CB46BE-1C67-4880-978A-19B410D08A9C}.AppStore|iPhoneSimulator.ActiveCfg = Release|x86
		{35CB46BE-1C67-4880-978A-19B410D08A9C}.AppStore|iPhoneSimulator.Build.0 = Release|x86
		{35CB46BE-1C67-4880-978A-19B410D08A9C}.AppStore|iPhoneSimulator.Deploy.0 = Release|x86
		{35CB46BE-1C67-4880-978A-19B410D08A9C}.AppStore|x64.ActiveCfg = Release|x64
		{35CB46BE-1C67-4880-978A-19B410D08A9C}.AppStore|x64.Build.0 = Release|x64
		{35CB46BE-1C67-4880-978A-19B410D08A9C}.AppStore|x64.Deploy.0 = Release|x64
		{35CB46BE-1C67-4880-978A-19B410D08A9C}.AppStore|x86.ActiveCfg = Release|x86
		{35CB46BE-1C67-4880-978A-19B410D08A9C}.AppStore|x86.Build.0 = Release|x86
		{35CB46BE-1C67-4880-978A-19B410D08A9C}.AppStore|x86.Deploy.0 = Release|x86
		{35CB46BE-1C67-4880-978A-19B410D08A9C}.Debug|Any CPU.ActiveCfg = Debug|x86
		{35CB46BE-1C67-4880-978A-19B410D08A9C}.Debug|ARM.ActiveCfg = Debug|ARM
		{35CB46BE-1C67-4880-978A-19B410D08A9C}.Debug|ARM.Build.0 = Debug|ARM
		{35CB46BE-1C67-4880-978A-19B410D08A9C}.Debug|ARM.Deploy.0 = Debug|ARM
		{35CB46BE-1C67-4880-978A-19B410D08A9C}.Debug|iPhone.ActiveCfg = Debug|x86
		{35CB46BE-1C67-4880-978A-19B410D08A9C}.Debug|iPhoneSimulator.ActiveCfg = Debug|x86
		{35CB46BE-1C67-4880-978A-19B410D08A9C}.Debug|x64.ActiveCfg = Debug|x64
		{35CB46BE-1C67-4880-978A-19B410D08A9C}.Debug|x64.Build.0 = Debug|x64
		{35CB46BE-1C67-4880-978A-19B410D08A9C}.Debug|x64.Deploy.0 = Debug|x64
		{35CB46BE-1C67-4880-978A-19B410D08A9C}.Debug|x86.ActiveCfg = Debug|x86
		{35CB46BE-1C67-4880-978A-19B410D08A9C}.Debug|x86.Build.0 = Debug|x86
		{35CB46BE-1C67-4880-978A-19B410D08A9C}.Debug|x86.Deploy.0 = Debug|x86
		{35CB46BE-1C67-4880-978A-19B410D08A9C}.Release|Any CPU.ActiveCfg = Release|x86
		{35CB46BE-1C67-4880-978A-19B410D08A9C}.Release|ARM.ActiveCfg = Release|ARM
		{35CB46BE-1C67-4880-978A-19B410D08A9C}.Release|ARM.Build.0 = Release|ARM
		{35CB46BE-1C67-4880-978A-19B410D08A9C}.Release|ARM.Deploy.0 = Release|ARM
		{35CB46BE-1C67-4880-978A-19B410D08A9C}.Release|iPhone.ActiveCfg = Release|x86
		{35CB46BE-1C67-4880-978A-19B410D08A9C}.Release|iPhoneSimulator.ActiveCfg = Release|x86
		{35CB46BE-1C67-4880-978A-19B410D08A9C}.Release|x64.ActiveCfg = Release|x64
		{35CB46BE-1C67-4880-978A-19B410D08A9C}.Release|x64.Build.0 = Release|x64
		{35CB46BE-1C67-4880-978A-19B410D08A9C}.Release|x64.Deploy.0 = Release|x64
		{35CB46BE-1C67-4880-978A-19B410D08A9C}.Release|x86.ActiveCfg = Release|x86
		{35CB46BE-1C67-4880-978A-19B410D08A9C}.Release|x86.Build.0 = Release|x86
		{35CB46BE-1C67-4880-978A-19B410D08A9C}.Release|x86.Deploy.0 = Release|x86
		{1E7ADFBE-4D05-4FA3-BDA7-67133A12FB7E}.Ad-Hoc|Any CPU.ActiveCfg = Release|Any CPU
		{1E7ADFBE-4D05-4FA3-BDA7-67133A12FB7E}.Ad-Hoc|Any CPU.Build.0 = Release|Any CPU
		{1E7ADFBE-4D05-4FA3-BDA7-67133A12FB7E}.Ad-Hoc|ARM.ActiveCfg = Release|Any CPU
		{1E7ADFBE-4D05-4FA3-BDA7-67133A12FB7E}.Ad-Hoc|ARM.Build.0 = Release|Any CPU
		{1E7ADFBE-4D05-4FA3-BDA7-67133A12FB7E}.Ad-Hoc|iPhone.ActiveCfg = Release|Any CPU
		{1E7ADFBE-4D05-4FA3-BDA7-67133A12FB7E}.Ad-Hoc|iPhone.Build.0 = Release|Any CPU
		{1E7ADFBE-4D05-4FA3-BDA7-67133A12FB7E}.Ad-Hoc|iPhoneSimulator.ActiveCfg = Release|Any CPU
		{1E7ADFBE-4D05-4FA3-BDA7-67133A12FB7E}.Ad-Hoc|iPhoneSimulator.Build.0 = Release|Any CPU
		{1E7ADFBE-4D05-4FA3-BDA7-67133A12FB7E}.Ad-Hoc|x64.ActiveCfg = Release|Any CPU
		{1E7ADFBE-4D05-4FA3-BDA7-67133A12FB7E}.Ad-Hoc|x64.Build.0 = Release|Any CPU
		{1E7ADFBE-4D05-4FA3-BDA7-67133A12FB7E}.Ad-Hoc|x86.ActiveCfg = Release|Any CPU
		{1E7ADFBE-4D05-4FA3-BDA7-67133A12FB7E}.Ad-Hoc|x86.Build.0 = Release|Any CPU
		{1E7ADFBE-4D05-4FA3-BDA7-67133A12FB7E}.AppStore|Any CPU.ActiveCfg = Release|Any CPU
		{1E7ADFBE-4D05-4FA3-BDA7-67133A12FB7E}.AppStore|Any CPU.Build.0 = Release|Any CPU
		{1E7ADFBE-4D05-4FA3-BDA7-67133A12FB7E}.AppStore|ARM.ActiveCfg = Release|Any CPU
		{1E7ADFBE-4D05-4FA3-BDA7-67133A12FB7E}.AppStore|ARM.Build.0 = Release|Any CPU
		{1E7ADFBE-4D05-4FA3-BDA7-67133A12FB7E}.AppStore|iPhone.ActiveCfg = Release|Any CPU
		{1E7ADFBE-4D05-4FA3-BDA7-67133A12FB7E}.AppStore|iPhone.Build.0 = Release|Any CPU
		{1E7ADFBE-4D05-4FA3-BDA7-67133A12FB7E}.AppStore|iPhoneSimulator.ActiveCfg = Release|Any CPU
		{1E7ADFBE-4D05-4FA3-BDA7-67133A12FB7E}.AppStore|iPhoneSimulator.Build.0 = Release|Any CPU
		{1E7ADFBE-4D05-4FA3-BDA7-67133A12FB7E}.AppStore|x64.ActiveCfg = Release|Any CPU
		{1E7ADFBE-4D05-4FA3-BDA7-67133A12FB7E}.AppStore|x64.Build.0 = Release|Any CPU
		{1E7ADFBE-4D05-4FA3-BDA7-67133A12FB7E}.AppStore|x86.ActiveCfg = Release|Any CPU
		{1E7ADFBE-4D05-4FA3-BDA7-67133A12FB7E}.AppStore|x86.Build.0 = Release|Any CPU
		{1E7ADFBE-4D05-4FA3-BDA7-67133A12FB7E}.Debug|Any CPU.ActiveCfg = Debug|Any CPU
		{1E7ADFBE-4D05-4FA3-BDA7-67133A12FB7E}.Debug|Any CPU.Build.0 = Debug|Any CPU
		{1E7ADFBE-4D05-4FA3-BDA7-67133A12FB7E}.Debug|ARM.ActiveCfg = Debug|Any CPU
		{1E7ADFBE-4D05-4FA3-BDA7-67133A12FB7E}.Debug|ARM.Build.0 = Debug|Any CPU
		{1E7ADFBE-4D05-4FA3-BDA7-67133A12FB7E}.Debug|iPhone.ActiveCfg = Debug|Any CPU
		{1E7ADFBE-4D05-4FA3-BDA7-67133A12FB7E}.Debug|iPhone.Build.0 = Debug|Any CPU
		{1E7ADFBE-4D05-4FA3-BDA7-67133A12FB7E}.Debug|iPhoneSimulator.ActiveCfg = Debug|Any CPU
		{1E7ADFBE-4D05-4FA3-BDA7-67133A12FB7E}.Debug|iPhoneSimulator.Build.0 = Debug|Any CPU
		{1E7ADFBE-4D05-4FA3-BDA7-67133A12FB7E}.Debug|x64.ActiveCfg = Debug|Any CPU
		{1E7ADFBE-4D05-4FA3-BDA7-67133A12FB7E}.Debug|x64.Build.0 = Debug|Any CPU
		{1E7ADFBE-4D05-4FA3-BDA7-67133A12FB7E}.Debug|x86.ActiveCfg = Debug|Any CPU
		{1E7ADFBE-4D05-4FA3-BDA7-67133A12FB7E}.Debug|x86.Build.0 = Debug|Any CPU
		{1E7ADFBE-4D05-4FA3-BDA7-67133A12FB7E}.Release|Any CPU.ActiveCfg = Release|Any CPU
		{1E7ADFBE-4D05-4FA3-BDA7-67133A12FB7E}.Release|Any CPU.Build.0 = Release|Any CPU
		{1E7ADFBE-4D05-4FA3-BDA7-67133A12FB7E}.Release|ARM.ActiveCfg = Release|Any CPU
		{1E7ADFBE-4D05-4FA3-BDA7-67133A12FB7E}.Release|ARM.Build.0 = Release|Any CPU
		{1E7ADFBE-4D05-4FA3-BDA7-67133A12FB7E}.Release|iPhone.ActiveCfg = Release|Any CPU
		{1E7ADFBE-4D05-4FA3-BDA7-67133A12FB7E}.Release|iPhone.Build.0 = Release|Any CPU
		{1E7ADFBE-4D05-4FA3-BDA7-67133A12FB7E}.Release|iPhoneSimulator.ActiveCfg = Release|Any CPU
		{1E7ADFBE-4D05-4FA3-BDA7-67133A12FB7E}.Release|iPhoneSimulator.Build.0 = Release|Any CPU
		{1E7ADFBE-4D05-4FA3-BDA7-67133A12FB7E}.Release|x64.ActiveCfg = Release|Any CPU
		{1E7ADFBE-4D05-4FA3-BDA7-67133A12FB7E}.Release|x64.Build.0 = Release|Any CPU
		{1E7ADFBE-4D05-4FA3-BDA7-67133A12FB7E}.Release|x86.ActiveCfg = Release|Any CPU
		{1E7ADFBE-4D05-4FA3-BDA7-67133A12FB7E}.Release|x86.Build.0 = Release|Any CPU
	EndGlobalSection
	GlobalSection(SolutionProperties) = preSolution
		HideSolutionNode = FALSE
	EndGlobalSection
	GlobalSection(NestedProjects) = preSolution
		{FB86E5BE-8E65-42CA-93FC-7E21306B8061} = {B4DCE404-55BB-4E0D-B734-D37B7F5C103B}
		{395ACD40-AE76-46CA-8F6F-330F02407851} = {B4DCE404-55BB-4E0D-B734-D37B7F5C103B}
		{65E14003-9328-4E4A-8831-E3A56342FC46} = {B4DCE404-55BB-4E0D-B734-D37B7F5C103B}
		{6B3A096F-1B9E-406B-8CE7-32665AB40366} = {B4DCE404-55BB-4E0D-B734-D37B7F5C103B}
		{35CB46BE-1C67-4880-978A-19B410D08A9C} = {B4DCE404-55BB-4E0D-B734-D37B7F5C103B}
		{1E7ADFBE-4D05-4FA3-BDA7-67133A12FB7E} = {B4DCE404-55BB-4E0D-B734-D37B7F5C103B}
	EndGlobalSection
	GlobalSection(ExtensibilityGlobals) = postSolution
		SolutionGuid = {CC5440CA-08E1-45ED-97F0-6EC3C7702341}
	EndGlobalSection
EndGlobal
